
Microsoft Visual Studio Solution File, Format Version 12.00
# Visual Studio 15
VisualStudioVersion = 15.0.27703.2035
MinimumVisualStudioVersion = 10.0.40219.1
Project("{8BC9CEB8-8B4A-11D0-8D11-00A0C91BC942}") = "TlgLib", "TlgLib\TlgLib.vcxproj", "{DF6C7BC2-3D99-4AE8-86E5-087BA766A3A8}"
EndProject
Project("{FAE04EC0-301F-11D3-BF4B-00C04F79EFBC}") = "TlgLib.Test", "TlgLib.Test\TlgLib.Test.csproj", "{7D4F854D-19D8-45F2-9913-EF4B9879BA91}"
EndProject
Global
	GlobalSection(SolutionConfigurationPlatforms) = preSolution
		Debug|Any CPU = Debug|Any CPU
		Debug|x64 = Debug|x64
		Debug|x86 = Debug|x86
		Release|Any CPU = Release|Any CPU
		Release|x64 = Release|x64
		Release|x86 = Release|x86
	EndGlobalSection
	GlobalSection(ProjectConfigurationPlatforms) = postSolution
		{DF6C7BC2-3D99-4AE8-86E5-087BA766A3A8}.Debug|Any CPU.ActiveCfg = Debug|Win32
		{DF6C7BC2-3D99-4AE8-86E5-087BA766A3A8}.Debug|x64.ActiveCfg = Debug|x64
		{DF6C7BC2-3D99-4AE8-86E5-087BA766A3A8}.Debug|x64.Build.0 = Debug|x64
		{DF6C7BC2-3D99-4AE8-86E5-087BA766A3A8}.Debug|x86.ActiveCfg = Debug|Win32
		{DF6C7BC2-3D99-4AE8-86E5-087BA766A3A8}.Debug|x86.Build.0 = Debug|Win32
		{DF6C7BC2-3D99-4AE8-86E5-087BA766A3A8}.Release|Any CPU.ActiveCfg = Release|Win32
		{DF6C7BC2-3D99-4AE8-86E5-087BA766A3A8}.Release|x64.ActiveCfg = Release|x64
		{DF6C7BC2-3D99-4AE8-86E5-087BA766A3A8}.Release|x64.Build.0 = Release|x64
		{DF6C7BC2-3D99-4AE8-86E5-087BA766A3A8}.Release|x86.ActiveCfg = Release|Win32
		{DF6C7BC2-3D99-4AE8-86E5-087BA766A3A8}.Release|x86.Build.0 = Release|Win32
		{7D4F854D-19D8-45F2-9913-EF4B9879BA91}.Debug|Any CPU.ActiveCfg = Debug|Any CPU
		{7D4F854D-19D8-45F2-9913-EF4B9879BA91}.Debug|Any CPU.Build.0 = Debug|Any CPU
		{7D4F854D-19D8-45F2-9913-EF4B9879BA91}.Debug|x64.ActiveCfg = Debug|Any CPU
		{7D4F854D-19D8-45F2-9913-EF4B9879BA91}.Debug|x64.Build.0 = Debug|Any CPU
		{7D4F854D-19D8-45F2-9913-EF4B9879BA91}.Debug|x86.ActiveCfg = Debug|Any CPU
		{7D4F854D-19D8-45F2-9913-EF4B9879BA91}.Debug|x86.Build.0 = Debug|Any CPU
		{7D4F854D-19D8-45F2-9913-EF4B9879BA91}.Release|Any CPU.ActiveCfg = Release|Any CPU
		{7D4F854D-19D8-45F2-9913-EF4B9879BA91}.Release|Any CPU.Build.0 = Release|Any CPU
		{7D4F854D-19D8-45F2-9913-EF4B9879BA91}.Release|x64.ActiveCfg = Release|Any CPU
		{7D4F854D-19D8-45F2-9913-EF4B9879BA91}.Release|x64.Build.0 = Release|Any CPU
		{7D4F854D-19D8-45F2-9913-EF4B9879BA91}.Release|x86.ActiveCfg = Release|Any CPU
		{7D4F854D-19D8-45F2-9913-EF4B9879BA91}.Release|x86.Build.0 = Release|Any CPU
	EndGlobalSection
	GlobalSection(SolutionProperties) = preSolution
		HideSolutionNode = FALSE
	EndGlobalSection
	GlobalSection(ExtensibilityGlobals) = postSolution
		SolutionGuid = {5D61B45B-D7DC-4B2B-8965-E72893A7EA7E}
	EndGlobalSection
EndGlobal
