<?xml version="1.0" encoding="utf-8"?>
<Project ToolsVersion="4.0" xmlns="http://schemas.microsoft.com/developer/msbuild/2003">
  <ItemGroup>
    <Filter Include="tlg">
      <UniqueIdentifier>{4673d9a2-c77c-49e6-980e-ea583b1676c5}</UniqueIdentifier>
    </Filter>
    <Filter Include="Header">
      <UniqueIdentifier>{93995380-89BD-4b04-88EB-625FBE52EBFB}</UniqueIdentifier>
      <Extensions>h;hh;hpp;hxx;hm;inl;inc;ipp;xsd</Extensions>
    </Filter>
    <Filter Include="Source">
      <UniqueIdentifier>{4FC737F1-C7A5-4376-A066-2A32D752A2FF}</UniqueIdentifier>
      <Extensions>cpp;c;cc;cxx;def;odl;idl;hpj;bat;asm;asmx</Extensions>
    </Filter>
    <Filter Include="Resource">
      <UniqueIdentifier>{67DA6AB6-F800-4c08-8B7A-83BB121AAD01}</UniqueIdentifier>
      <Extensions>rc;ico;cur;bmp;dlg;rc2;rct;bin;rgs;gif;jpg;jpeg;jpe;resx;tiff;tif;png;wav;mfcribbon-ms</Extensions>
    </Filter>
  </ItemGroup>
  <ItemGroup>
    <ClInclude Include="TlgLib.h">
      <Filter>Header</Filter>
    </ClInclude>
    <ClInclude Include="Resource.h">
      <Filter>Header</Filter>
    </ClInclude>
    <ClInclude Include="libtlg\handlestream.h">
      <Filter>tlg</Filter>
    </ClInclude>
    <ClInclude Include="libtlg\slide.h">
      <Filter>tlg</Filter>
    </ClInclude>
    <ClInclude Include="libtlg\stream.h">
      <Filter>tlg</Filter>
    </ClInclude>
    <ClInclude Include="libtlg\tjs.h">
      <Filter>tlg</Filter>
    </ClInclude>
    <ClInclude Include="libtlg\TLG.h">
      <Filter>tlg</Filter>
    </ClInclude>
    <ClInclude Include="libtlg\TLG6BS.h">
      <Filter>tlg</Filter>
    </ClInclude>
    <ClInclude Include="libtlg\tvpgl.h">
      <Filter>tlg</Filter>
    </ClInclude>
  </ItemGroup>
  <ItemGroup>
    <ClCompile Include="TlgLib.cpp">
      <Filter>Source</Filter>
    </ClCompile>
    <ClCompile Include="AssemblyInfo.cpp">
      <Filter>Source</Filter>
    </ClCompile>
    <ClCompile Include="libtlg\handlestream.cpp">
      <Filter>tlg</Filter>
    </ClCompile>
    <ClCompile Include="libtlg\LoadTLG.cpp">
      <Filter>tlg</Filter>
    </ClCompile>
    <ClCompile Include="libtlg\memstream.cpp">
      <Filter>tlg</Filter>
    </ClCompile>
    <ClCompile Include="libtlg\SaveTLG.cpp">
      <Filter>tlg</Filter>
    </ClCompile>
    <ClCompile Include="libtlg\slide.cpp">
      <Filter>tlg</Filter>
    </ClCompile>
    <ClCompile Include="libtlg\stream.cpp">
      <Filter>tlg</Filter>
    </ClCompile>
    <ClCompile Include="libtlg\TLG5Saver.cpp">
      <Filter>tlg</Filter>
    </ClCompile>
    <ClCompile Include="libtlg\TLG6Saver.cpp">
      <Filter>tlg</Filter>
    </ClCompile>
    <ClCompile Include="libtlg\tvpgl.cpp">
      <Filter>tlg</Filter>
    </ClCompile>
  </ItemGroup>
  <ItemGroup>
    <ResourceCompile Include="app.rc">
      <Filter>Resource</Filter>
    </ResourceCompile>
  </ItemGroup>
  <ItemGroup>
    <Image Include="app.ico">
      <Filter>Resource</Filter>
    </Image>
  </ItemGroup>
</Project>